// !$*UTF8*$!
{
	archiveVersion = 1;
	classes = {
	};
	objectVersion = 51;
	objects = {

/* Begin PBXBuildFile section */
		211503D3121369120FB4D4BF /* Pods_FirebaseChatTests.framework in Frameworks */ = {isa = PBXBuildFile; fileRef = FCDBC1D7A52DB386B623BDD9 /* Pods_FirebaseChatTests.framework */; };
		37692CAEC12E70AD77C1416F /* Pods_FirebaseChat_FirebaseChatUITests.framework in Frameworks */ = {isa = PBXBuildFile; fileRef = 31ECFD1B47316BF3A1B0C449 /* Pods_FirebaseChat_FirebaseChatUITests.framework */; };
		8600ECFBBE9F4581CB4389B7 /* Pods_FirebaseChat.framework in Frameworks */ = {isa = PBXBuildFile; fileRef = 8B67FA92AB35A91450DEA93C /* Pods_FirebaseChat.framework */; };
		C07AD91325C09F3400974978 /* GoogleService-Info.plist in Resources */ = {isa = PBXBuildFile; fileRef = C07AD91225C09F3300974978 /* GoogleService-Info.plist */; };
		C07AD91425C09F3400974978 /* GoogleService-Info.plist in Resources */ = {isa = PBXBuildFile; fileRef = C07AD91225C09F3300974978 /* GoogleService-Info.plist */; };
		C09B184C25C06260006616B1 /* FirebaseChatApp.swift in Sources */ = {isa = PBXBuildFile; fileRef = C09B184B25C06260006616B1 /* FirebaseChatApp.swift */; };
		C09B184E25C06260006616B1 /* ContentView.swift in Sources */ = {isa = PBXBuildFile; fileRef = C09B184D25C06260006616B1 /* ContentView.swift */; };
		C09B185025C06261006616B1 /* Assets.xcassets in Resources */ = {isa = PBXBuildFile; fileRef = C09B184F25C06261006616B1 /* Assets.xcassets */; };
		C09B185325C06261006616B1 /* Preview Assets.xcassets in Resources */ = {isa = PBXBuildFile; fileRef = C09B185225C06261006616B1 /* Preview Assets.xcassets */; };
		C09B185E25C06262006616B1 /* FirebaseChatTests.swift in Sources */ = {isa = PBXBuildFile; fileRef = C09B185D25C06262006616B1 /* FirebaseChatTests.swift */; };
		C09B186925C06262006616B1 /* FirebaseChatUITests.swift in Sources */ = {isa = PBXBuildFile; fileRef = C09B186825C06262006616B1 /* FirebaseChatUITests.swift */; };
		C09B188B25C0695E006616B1 /* SessionStore.swift in Sources */ = {isa = PBXBuildFile; fileRef = C09B188A25C0695E006616B1 /* SessionStore.swift */; };
		C09B188C25C0695E006616B1 /* SessionStore.swift in Sources */ = {isa = PBXBuildFile; fileRef = C09B188A25C0695E006616B1 /* SessionStore.swift */; };
		C09B189425C0696E006616B1 /* AuthView.swift in Sources */ = {isa = PBXBuildFile; fileRef = C09B189325C0696E006616B1 /* AuthView.swift */; };
		C09B189525C0696E006616B1 /* AuthView.swift in Sources */ = {isa = PBXBuildFile; fileRef = C09B189325C0696E006616B1 /* AuthView.swift */; };
/* End PBXBuildFile section */

/* Begin PBXContainerItemProxy section */
		C09B185A25C06262006616B1 /* PBXContainerItemProxy */ = {
			isa = PBXContainerItemProxy;
			containerPortal = C09B184025C06260006616B1 /* Project object */;
			proxyType = 1;
			remoteGlobalIDString = C09B184725C06260006616B1;
			remoteInfo = FirebaseChat;
		};
		C09B186525C06262006616B1 /* PBXContainerItemProxy */ = {
			isa = PBXContainerItemProxy;
			containerPortal = C09B184025C06260006616B1 /* Project object */;
			proxyType = 1;
			remoteGlobalIDString = C09B184725C06260006616B1;
			remoteInfo = FirebaseChat;
		};
/* End PBXContainerItemProxy section */

/* Begin PBXFileReference section */
		25F585717EE03E0E191B83B8 /* Pods-FirebaseChat-FirebaseChatUITests.debug.xcconfig */ = {isa = PBXFileReference; includeInIndex = 1; lastKnownFileType = text.xcconfig; name = "Pods-FirebaseChat-FirebaseChatUITests.debug.xcconfig"; path = "Target Support Files/Pods-FirebaseChat-FirebaseChatUITests/Pods-FirebaseChat-FirebaseChatUITests.debug.xcconfig"; sourceTree = "<group>"; };
		2FDB28A6EB60E6D19A2F6080 /* Pods-FirebaseChatTests.debug.xcconfig */ = {isa = PBXFileReference; includeInIndex = 1; lastKnownFileType = text.xcconfig; name = "Pods-FirebaseChatTests.debug.xcconfig"; path = "Target Support Files/Pods-FirebaseChatTests/Pods-FirebaseChatTests.debug.xcconfig"; sourceTree = "<group>"; };
		31ECFD1B47316BF3A1B0C449 /* Pods_FirebaseChat_FirebaseChatUITests.framework */ = {isa = PBXFileReference; explicitFileType = wrapper.framework; includeInIndex = 0; path = Pods_FirebaseChat_FirebaseChatUITests.framework; sourceTree = BUILT_PRODUCTS_DIR; };
		8B67FA92AB35A91450DEA93C /* Pods_FirebaseChat.framework */ = {isa = PBXFileReference; explicitFileType = wrapper.framework; includeInIndex = 0; path = Pods_FirebaseChat.framework; sourceTree = BUILT_PRODUCTS_DIR; };
		946AD8D18D4575F3FF5B55C9 /* Pods-FirebaseChat.release.xcconfig */ = {isa = PBXFileReference; includeInIndex = 1; lastKnownFileType = text.xcconfig; name = "Pods-FirebaseChat.release.xcconfig"; path = "Target Support Files/Pods-FirebaseChat/Pods-FirebaseChat.release.xcconfig"; sourceTree = "<group>"; };
		BE48C7BC4DC2B514407F325B /* Pods-FirebaseChatTests.release.xcconfig */ = {isa = PBXFileReference; includeInIndex = 1; lastKnownFileType = text.xcconfig; name = "Pods-FirebaseChatTests.release.xcconfig"; path = "Target Support Files/Pods-FirebaseChatTests/Pods-FirebaseChatTests.release.xcconfig"; sourceTree = "<group>"; };
		C07AD91225C09F3300974978 /* GoogleService-Info.plist */ = {isa = PBXFileReference; fileEncoding = 4; lastKnownFileType = text.plist.xml; path = "GoogleService-Info.plist"; sourceTree = "<group>"; };
		C09B184825C06260006616B1 /* FirebaseChat.app */ = {isa = PBXFileReference; explicitFileType = wrapper.application; includeInIndex = 0; path = FirebaseChat.app; sourceTree = BUILT_PRODUCTS_DIR; };
		C09B184B25C06260006616B1 /* FirebaseChatApp.swift */ = {isa = PBXFileReference; lastKnownFileType = sourcecode.swift; path = FirebaseChatApp.swift; sourceTree = "<group>"; };
		C09B184D25C06260006616B1 /* ContentView.swift */ = {isa = PBXFileReference; lastKnownFileType = sourcecode.swift; path = ContentView.swift; sourceTree = "<group>"; };
		C09B184F25C06261006616B1 /* Assets.xcassets */ = {isa = PBXFileReference; lastKnownFileType = folder.assetcatalog; path = Assets.xcassets; sourceTree = "<group>"; };
		C09B185225C06261006616B1 /* Preview Assets.xcassets */ = {isa = PBXFileReference; lastKnownFileType = folder.assetcatalog; path = "Preview Assets.xcassets"; sourceTree = "<group>"; };
		C09B185425C06261006616B1 /* Info.plist */ = {isa = PBXFileReference; lastKnownFileType = text.plist.xml; path = Info.plist; sourceTree = "<group>"; };
		C09B185925C06262006616B1 /* FirebaseChatTests.xctest */ = {isa = PBXFileReference; explicitFileType = wrapper.cfbundle; includeInIndex = 0; path = FirebaseChatTests.xctest; sourceTree = BUILT_PRODUCTS_DIR; };
		C09B185D25C06262006616B1 /* FirebaseChatTests.swift */ = {isa = PBXFileReference; lastKnownFileType = sourcecode.swift; path = FirebaseChatTests.swift; sourceTree = "<group>"; };
		C09B185F25C06262006616B1 /* Info.plist */ = {isa = PBXFileReference; lastKnownFileType = text.plist.xml; path = Info.plist; sourceTree = "<group>"; };
		C09B186425C06262006616B1 /* FirebaseChatUITests.xctest */ = {isa = PBXFileReference; explicitFileType = wrapper.cfbundle; includeInIndex = 0; path = FirebaseChatUITests.xctest; sourceTree = BUILT_PRODUCTS_DIR; };
		C09B186825C06262006616B1 /* FirebaseChatUITests.swift */ = {isa = PBXFileReference; lastKnownFileType = sourcecode.swift; path = FirebaseChatUITests.swift; sourceTree = "<group>"; };
		C09B186A25C06262006616B1 /* Info.plist */ = {isa = PBXFileReference; lastKnownFileType = text.plist.xml; path = Info.plist; sourceTree = "<group>"; };
		C09B188A25C0695E006616B1 /* SessionStore.swift */ = {isa = PBXFileReference; lastKnownFileType = sourcecode.swift; path = SessionStore.swift; sourceTree = "<group>"; };
		C09B189325C0696E006616B1 /* AuthView.swift */ = {isa = PBXFileReference; lastKnownFileType = sourcecode.swift; path = AuthView.swift; sourceTree = "<group>"; };
		C7D01058662E0A0FC3571928 /* Pods-FirebaseChat-FirebaseChatUITests.release.xcconfig */ = {isa = PBXFileReference; includeInIndex = 1; lastKnownFileType = text.xcconfig; name = "Pods-FirebaseChat-FirebaseChatUITests.release.xcconfig"; path = "Target Support Files/Pods-FirebaseChat-FirebaseChatUITests/Pods-FirebaseChat-FirebaseChatUITests.release.xcconfig"; sourceTree = "<group>"; };
		F80C1C611EA5A310B5B09AB7 /* Pods-FirebaseChat.debug.xcconfig */ = {isa = PBXFileReference; includeInIndex = 1; lastKnownFileType = text.xcconfig; name = "Pods-FirebaseChat.debug.xcconfig"; path = "Target Support Files/Pods-FirebaseChat/Pods-FirebaseChat.debug.xcconfig"; sourceTree = "<group>"; };
		FCDBC1D7A52DB386B623BDD9 /* Pods_FirebaseChatTests.framework */ = {isa = PBXFileReference; explicitFileType = wrapper.framework; includeInIndex = 0; path = Pods_FirebaseChatTests.framework; sourceTree = BUILT_PRODUCTS_DIR; };
/* End PBXFileReference section */

/* Begin PBXFrameworksBuildPhase section */
		C09B184525C06260006616B1 /* Frameworks */ = {
			isa = PBXFrameworksBuildPhase;
			buildActionMask = 2147483647;
			files = (
				8600ECFBBE9F4581CB4389B7 /* Pods_FirebaseChat.framework in Frameworks */,
			);
			runOnlyForDeploymentPostprocessing = 0;
		};
		C09B185625C06262006616B1 /* Frameworks */ = {
			isa = PBXFrameworksBuildPhase;
			buildActionMask = 2147483647;
			files = (
				211503D3121369120FB4D4BF /* Pods_FirebaseChatTests.framework in Frameworks */,
			);
			runOnlyForDeploymentPostprocessing = 0;
		};
		C09B186125C06262006616B1 /* Frameworks */ = {
			isa = PBXFrameworksBuildPhase;
			buildActionMask = 2147483647;
			files = (
				37692CAEC12E70AD77C1416F /* Pods_FirebaseChat_FirebaseChatUITests.framework in Frameworks */,
			);
			runOnlyForDeploymentPostprocessing = 0;
		};
/* End PBXFrameworksBuildPhase section */

/* Begin PBXGroup section */
		A5B88A5AE947BADF462420B1 /* Frameworks */ = {
			isa = PBXGroup;
			children = (
				8B67FA92AB35A91450DEA93C /* Pods_FirebaseChat.framework */,
				31ECFD1B47316BF3A1B0C449 /* Pods_FirebaseChat_FirebaseChatUITests.framework */,
				FCDBC1D7A52DB386B623BDD9 /* Pods_FirebaseChatTests.framework */,
			);
			name = Frameworks;
			sourceTree = "<group>";
		};
		C09B183F25C06260006616B1 = {
			isa = PBXGroup;
			children = (
				C09B184A25C06260006616B1 /* FirebaseChat */,
				C09B185C25C06262006616B1 /* FirebaseChatTests */,
				C09B186725C06262006616B1 /* FirebaseChatUITests */,
				C09B184925C06260006616B1 /* Products */,
				CC1F8482326E74C263C10568 /* Pods */,
				A5B88A5AE947BADF462420B1 /* Frameworks */,
			);
			sourceTree = "<group>";
		};
		C09B184925C06260006616B1 /* Products */ = {
			isa = PBXGroup;
			children = (
				C09B184825C06260006616B1 /* FirebaseChat.app */,
				C09B185925C06262006616B1 /* FirebaseChatTests.xctest */,
				C09B186425C06262006616B1 /* FirebaseChatUITests.xctest */,
			);
			name = Products;
			sourceTree = "<group>";
		};
		C09B184A25C06260006616B1 /* FirebaseChat */ = {
			isa = PBXGroup;
			children = (
				C09B184B25C06260006616B1 /* FirebaseChatApp.swift */,
				C09B184F25C06261006616B1 /* Assets.xcassets */,
				C09B185425C06261006616B1 /* Info.plist */,
				C07AD91225C09F3300974978 /* GoogleService-Info.plist */,
				C09B188925C06925006616B1 /* Model */,
				C09B188825C06904006616B1 /* View */,
				C09B185125C06261006616B1 /* Preview Content */,
			);
			path = FirebaseChat;
			sourceTree = "<group>";
		};
		C09B185125C06261006616B1 /* Preview Content */ = {
			isa = PBXGroup;
			children = (
				C09B185225C06261006616B1 /* Preview Assets.xcassets */,
			);
			path = "Preview Content";
			sourceTree = "<group>";
		};
		C09B185C25C06262006616B1 /* FirebaseChatTests */ = {
			isa = PBXGroup;
			children = (
				C09B185D25C06262006616B1 /* FirebaseChatTests.swift */,
				C09B185F25C06262006616B1 /* Info.plist */,
			);
			path = FirebaseChatTests;
			sourceTree = "<group>";
		};
		C09B186725C06262006616B1 /* FirebaseChatUITests */ = {
			isa = PBXGroup;
			children = (
				C09B186825C06262006616B1 /* FirebaseChatUITests.swift */,
				C09B186A25C06262006616B1 /* Info.plist */,
			);
			path = FirebaseChatUITests;
			sourceTree = "<group>";
		};
		C09B188825C06904006616B1 /* View */ = {
			isa = PBXGroup;
			children = (
				C09B184D25C06260006616B1 /* ContentView.swift */,
				C09B189325C0696E006616B1 /* AuthView.swift */,
			);
			path = View;
			sourceTree = "<group>";
		};
		C09B188925C06925006616B1 /* Model */ = {
			isa = PBXGroup;
			children = (
				C09B188A25C0695E006616B1 /* SessionStore.swift */,
			);
			path = Model;
			sourceTree = "<group>";
		};
		CC1F8482326E74C263C10568 /* Pods */ = {
			isa = PBXGroup;
			children = (
				F80C1C611EA5A310B5B09AB7 /* Pods-FirebaseChat.debug.xcconfig */,
				946AD8D18D4575F3FF5B55C9 /* Pods-FirebaseChat.release.xcconfig */,
				25F585717EE03E0E191B83B8 /* Pods-FirebaseChat-FirebaseChatUITests.debug.xcconfig */,
				C7D01058662E0A0FC3571928 /* Pods-FirebaseChat-FirebaseChatUITests.release.xcconfig */,
				2FDB28A6EB60E6D19A2F6080 /* Pods-FirebaseChatTests.debug.xcconfig */,
				BE48C7BC4DC2B514407F325B /* Pods-FirebaseChatTests.release.xcconfig */,
			);
			path = Pods;
			sourceTree = "<group>";
		};
/* End PBXGroup section */

/* Begin PBXNativeTarget section */
		C09B184725C06260006616B1 /* FirebaseChat */ = {
			isa = PBXNativeTarget;
			buildConfigurationList = C09B186D25C06262006616B1 /* Build configuration list for PBXNativeTarget "FirebaseChat" */;
			buildPhases = (
				B60C7447E2480D4334970C97 /* [CP] Check Pods Manifest.lock */,
				C09B184425C06260006616B1 /* Sources */,
				C09B184525C06260006616B1 /* Frameworks */,
				C09B184625C06260006616B1 /* Resources */,
				38827789967F29990E1345EA /* [CP] Embed Pods Frameworks */,
			);
			buildRules = (
			);
			dependencies = (
			);
			name = FirebaseChat;
			productName = FirebaseChat;
			productReference = C09B184825C06260006616B1 /* FirebaseChat.app */;
			productType = "com.apple.product-type.application";
		};
		C09B185825C06262006616B1 /* FirebaseChatTests */ = {
			isa = PBXNativeTarget;
			buildConfigurationList = C09B187025C06262006616B1 /* Build configuration list for PBXNativeTarget "FirebaseChatTests" */;
			buildPhases = (
				337FA6A1F3A57B137DA87214 /* [CP] Check Pods Manifest.lock */,
				C09B185525C06262006616B1 /* Sources */,
				C09B185625C06262006616B1 /* Frameworks */,
				C09B185725C06262006616B1 /* Resources */,
				2B40E39CA0F0881C128E49CB /* [CP] Embed Pods Frameworks */,
			);
			buildRules = (
			);
			dependencies = (
				C09B185B25C06262006616B1 /* PBXTargetDependency */,
			);
			name = FirebaseChatTests;
			productName = FirebaseChatTests;
			productReference = C09B185925C06262006616B1 /* FirebaseChatTests.xctest */;
			productType = "com.apple.product-type.bundle.unit-test";
		};
		C09B186325C06262006616B1 /* FirebaseChatUITests */ = {
			isa = PBXNativeTarget;
			buildConfigurationList = C09B187325C06262006616B1 /* Build configuration list for PBXNativeTarget "FirebaseChatUITests" */;
			buildPhases = (
				F6A933FBA1CF9D3F42CBAC01 /* [CP] Check Pods Manifest.lock */,
				C09B186025C06262006616B1 /* Sources */,
				C09B186125C06262006616B1 /* Frameworks */,
				C09B186225C06262006616B1 /* Resources */,
				2C3D78FEBC42F6E2C871CD2C /* [CP] Embed Pods Frameworks */,
			);
			buildRules = (
			);
			dependencies = (
				C09B186625C06262006616B1 /* PBXTargetDependency */,
			);
			name = FirebaseChatUITests;
			productName = FirebaseChatUITests;
			productReference = C09B186425C06262006616B1 /* FirebaseChatUITests.xctest */;
			productType = "com.apple.product-type.bundle.ui-testing";
		};
/* End PBXNativeTarget section */

/* Begin PBXProject section */
		C09B184025C06260006616B1 /* Project object */ = {
			isa = PBXProject;
			attributes = {
				LastSwiftUpdateCheck = 1230;
				LastUpgradeCheck = 1230;
				TargetAttributes = {
					C09B184725C06260006616B1 = {
						CreatedOnToolsVersion = 12.3;
					};
					C09B185825C06262006616B1 = {
						CreatedOnToolsVersion = 12.3;
						TestTargetID = C09B184725C06260006616B1;
					};
					C09B186325C06262006616B1 = {
						CreatedOnToolsVersion = 12.3;
						TestTargetID = C09B184725C06260006616B1;
					};
				};
			};
			buildConfigurationList = C09B184325C06260006616B1 /* Build configuration list for PBXProject "FirebaseChat" */;
			compatibilityVersion = "Xcode 9.3";
			developmentRegion = en;
			hasScannedForEncodings = 0;
			knownRegions = (
				en,
				Base,
			);
			mainGroup = C09B183F25C06260006616B1;
			productRefGroup = C09B184925C06260006616B1 /* Products */;
			projectDirPath = "";
			projectRoot = "";
			targets = (
				C09B184725C06260006616B1 /* FirebaseChat */,
				C09B185825C06262006616B1 /* FirebaseChatTests */,
				C09B186325C06262006616B1 /* FirebaseChatUITests */,
			);
		};
/* End PBXProject section */

/* Begin PBXResourcesBuildPhase section */
		C09B184625C06260006616B1 /* Resources */ = {
			isa = PBXResourcesBuildPhase;
			buildActionMask = 2147483647;
			files = (
				C09B185325C06261006616B1 /* Preview Assets.xcassets in Resources */,
				C09B185025C06261006616B1 /* Assets.xcassets in Resources */,
				C07AD91325C09F3400974978 /* GoogleService-Info.plist in Resources */,
			);
			runOnlyForDeploymentPostprocessing = 0;
		};
		C09B185725C06262006616B1 /* Resources */ = {
			isa = PBXResourcesBuildPhase;
			buildActionMask = 2147483647;
			files = (
				C07AD91425C09F3400974978 /* GoogleService-Info.plist in Resources */,
			);
			runOnlyForDeploymentPostprocessing = 0;
		};
		C09B186225C06262006616B1 /* Resources */ = {
			isa = PBXResourcesBuildPhase;
			buildActionMask = 2147483647;
			files = (
			);
			runOnlyForDeploymentPostprocessing = 0;
		};
/* End PBXResourcesBuildPhase section */

/* Begin PBXShellScriptBuildPhase section */
		2B40E39CA0F0881C128E49CB /* [CP] Embed Pods Frameworks */ = {
			isa = PBXShellScriptBuildPhase;
			buildActionMask = 2147483647;
			files = (
			);
			inputFileListPaths = (
				"${PODS_ROOT}/Target Support Files/Pods-FirebaseChatTests/Pods-FirebaseChatTests-frameworks-${CONFIGURATION}-input-files.xcfilelist",
			);
			name = "[CP] Embed Pods Frameworks";
			outputFileListPaths = (
				"${PODS_ROOT}/Target Support Files/Pods-FirebaseChatTests/Pods-FirebaseChatTests-frameworks-${CONFIGURATION}-output-files.xcfilelist",
			);
			runOnlyForDeploymentPostprocessing = 0;
			shellPath = /bin/sh;
			shellScript = "\"${PODS_ROOT}/Target Support Files/Pods-FirebaseChatTests/Pods-FirebaseChatTests-frameworks.sh\"\n";
			showEnvVarsInLog = 0;
		};
		2C3D78FEBC42F6E2C871CD2C /* [CP] Embed Pods Frameworks */ = {
			isa = PBXShellScriptBuildPhase;
			buildActionMask = 2147483647;
			files = (
			);
			inputFileListPaths = (
				"${PODS_ROOT}/Target Support Files/Pods-FirebaseChat-FirebaseChatUITests/Pods-FirebaseChat-FirebaseChatUITests-frameworks-${CONFIGURATION}-input-files.xcfilelist",
			);
			name = "[CP] Embed Pods Frameworks";
			outputFileListPaths = (
				"${PODS_ROOT}/Target Support Files/Pods-FirebaseChat-FirebaseChatUITests/Pods-FirebaseChat-FirebaseChatUITests-frameworks-${CONFIGURATION}-output-files.xcfilelist",
			);
			runOnlyForDeploymentPostprocessing = 0;
			shellPath = /bin/sh;
			shellScript = "\"${PODS_ROOT}/Target Support Files/Pods-FirebaseChat-FirebaseChatUITests/Pods-FirebaseChat-FirebaseChatUITests-frameworks.sh\"\n";
			showEnvVarsInLog = 0;
		};
		337FA6A1F3A57B137DA87214 /* [CP] Check Pods Manifest.lock */ = {
			isa = PBXShellScriptBuildPhase;
			buildActionMask = 2147483647;
			files = (
			);
			inputFileListPaths = (
			);
			inputPaths = (
				"${PODS_PODFILE_DIR_PATH}/Podfile.lock",
				"${PODS_ROOT}/Manifest.lock",
			);
			name = "[CP] Check Pods Manifest.lock";
			outputFileListPaths = (
			);
			outputPaths = (
				"$(DERIVED_FILE_DIR)/Pods-FirebaseChatTests-checkManifestLockResult.txt",
			);
			runOnlyForDeploymentPostprocessing = 0;
			shellPath = /bin/sh;
			shellScript = "diff \"${PODS_PODFILE_DIR_PATH}/Podfile.lock\" \"${PODS_ROOT}/Manifest.lock\" > /dev/null\nif [ $? != 0 ] ; then\n    # print error to STDERR\n    echo \"error: The sandbox is not in sync with the Podfile.lock. Run 'pod install' or update your CocoaPods installation.\" >&2\n    exit 1\nfi\n# This output is used by Xcode 'outputs' to avoid re-running this script phase.\necho \"SUCCESS\" > \"${SCRIPT_OUTPUT_FILE_0}\"\n";
			showEnvVarsInLog = 0;
		};
		38827789967F29990E1345EA /* [CP] Embed Pods Frameworks */ = {
			isa = PBXShellScriptBuildPhase;
			buildActionMask = 2147483647;
			files = (
			);
			inputFileListPaths = (
				"${PODS_ROOT}/Target Support Files/Pods-FirebaseChat/Pods-FirebaseChat-frameworks-${CONFIGURATION}-input-files.xcfilelist",
			);
			name = "[CP] Embed Pods Frameworks";
			outputFileListPaths = (
				"${PODS_ROOT}/Target Support Files/Pods-FirebaseChat/Pods-FirebaseChat-frameworks-${CONFIGURATION}-output-files.xcfilelist",
			);
			runOnlyForDeploymentPostprocessing = 0;
			shellPath = /bin/sh;
			shellScript = "\"${PODS_ROOT}/Target Support Files/Pods-FirebaseChat/Pods-FirebaseChat-frameworks.sh\"\n";
			showEnvVarsInLog = 0;
		};
		B60C7447E2480D4334970C97 /* [CP] Check Pods Manifest.lock */ = {
			isa = PBXShellScriptBuildPhase;
			buildActionMask = 2147483647;
			files = (
			);
			inputFileListPaths = (
			);
			inputPaths = (
				"${PODS_PODFILE_DIR_PATH}/Podfile.lock",
				"${PODS_ROOT}/Manifest.lock",
			);
			name = "[CP] Check Pods Manifest.lock";
			outputFileListPaths = (
			);
			outputPaths = (
				"$(DERIVED_FILE_DIR)/Pods-FirebaseChat-checkManifestLockResult.txt",
			);
			runOnlyForDeploymentPostprocessing = 0;
			shellPath = /bin/sh;
			shellScript = "diff \"${PODS_PODFILE_DIR_PATH}/Podfile.lock\" \"${PODS_ROOT}/Manifest.lock\" > /dev/null\nif [ $? != 0 ] ; then\n    # print error to STDERR\n    echo \"error: The sandbox is not in sync with the Podfile.lock. Run 'pod install' or update your CocoaPods installation.\" >&2\n    exit 1\nfi\n# This output is used by Xcode 'outputs' to avoid re-running this script phase.\necho \"SUCCESS\" > \"${SCRIPT_OUTPUT_FILE_0}\"\n";
			showEnvVarsInLog = 0;
		};
		F6A933FBA1CF9D3F42CBAC01 /* [CP] Check Pods Manifest.lock */ = {
			isa = PBXShellScriptBuildPhase;
			buildActionMask = 2147483647;
			files = (
			);
			inputFileListPaths = (
			);
			inputPaths = (
				"${PODS_PODFILE_DIR_PATH}/Podfile.lock",
				"${PODS_ROOT}/Manifest.lock",
			);
			name = "[CP] Check Pods Manifest.lock";
			outputFileListPaths = (
			);
			outputPaths = (
				"$(DERIVED_FILE_DIR)/Pods-FirebaseChat-FirebaseChatUITests-checkManifestLockResult.txt",
			);
			runOnlyForDeploymentPostprocessing = 0;
			shellPath = /bin/sh;
			shellScript = "diff \"${PODS_PODFILE_DIR_PATH}/Podfile.lock\" \"${PODS_ROOT}/Manifest.lock\" > /dev/null\nif [ $? != 0 ] ; then\n    # print error to STDERR\n    echo \"error: The sandbox is not in sync with the Podfile.lock. Run 'pod install' or update your CocoaPods installation.\" >&2\n    exit 1\nfi\n# This output is used by Xcode 'outputs' to avoid re-running this script phase.\necho \"SUCCESS\" > \"${SCRIPT_OUTPUT_FILE_0}\"\n";
			showEnvVarsInLog = 0;
		};
/* End PBXShellScriptBuildPhase section */

/* Begin PBXSourcesBuildPhase section */
		C09B184425C06260006616B1 /* Sources */ = {
			isa = PBXSourcesBuildPhase;
			buildActionMask = 2147483647;
			files = (
				C09B184E25C06260006616B1 /* ContentView.swift in Sources */,
				C09B184C25C06260006616B1 /* FirebaseChatApp.swift in Sources */,
				C09B189425C0696E006616B1 /* AuthView.swift in Sources */,
				C09B188B25C0695E006616B1 /* SessionStore.swift in Sources */,
			);
			runOnlyForDeploymentPostprocessing = 0;
		};
		C09B185525C06262006616B1 /* Sources */ = {
			isa = PBXSourcesBuildPhase;
			buildActionMask = 2147483647;
			files = (
				C09B188C25C0695E006616B1 /* SessionStore.swift in Sources */,
				C09B185E25C06262006616B1 /* FirebaseChatTests.swift in Sources */,
			);
			runOnlyForDeploymentPostprocessing = 0;
		};
		C09B186025C06262006616B1 /* Sources */ = {
			isa = PBXSourcesBuildPhase;
			buildActionMask = 2147483647;
			files = (
				C09B189525C0696E006616B1 /* AuthView.swift in Sources */,
				C09B186925C06262006616B1 /* FirebaseChatUITests.swift in Sources */,
			);
			runOnlyForDeploymentPostprocessing = 0;
		};
/* End PBXSourcesBuildPhase section */

/* Begin PBXTargetDependency section */
		C09B185B25C06262006616B1 /* PBXTargetDependency */ = {
			isa = PBXTargetDependency;
			target = C09B184725C06260006616B1 /* FirebaseChat */;
			targetProxy = C09B185A25C06262006616B1 /* PBXContainerItemProxy */;
		};
		C09B186625C06262006616B1 /* PBXTargetDependency */ = {
			isa = PBXTargetDependency;
			target = C09B184725C06260006616B1 /* FirebaseChat */;
			targetProxy = C09B186525C06262006616B1 /* PBXContainerItemProxy */;
		};
/* End PBXTargetDependency section */

/* Begin XCBuildConfiguration section */
		C09B186B25C06262006616B1 /* Debug */ = {
			isa = XCBuildConfiguration;
			buildSettings = {
				ALWAYS_SEARCH_USER_PATHS = NO;
				CLANG_ANALYZER_NONNULL = YES;
				CLANG_ANALYZER_NUMBER_OBJECT_CONVERSION = YES_AGGRESSIVE;
				CLANG_CXX_LANGUAGE_STANDARD = "gnu++14";
				CLANG_CXX_LIBRARY = "libc++";
				CLANG_ENABLE_MODULES = YES;
				CLANG_ENABLE_OBJC_ARC = YES;
				CLANG_ENABLE_OBJC_WEAK = YES;
				CLANG_WARN_BLOCK_CAPTURE_AUTORELEASING = YES;
				CLANG_WARN_BOOL_CONVERSION = YES;
				CLANG_WARN_COMMA = YES;
				CLANG_WARN_CONSTANT_CONVERSION = YES;
				CLANG_WARN_DEPRECATED_OBJC_IMPLEMENTATIONS = YES;
				CLANG_WARN_DIRECT_OBJC_ISA_USAGE = YES_ERROR;
				CLANG_WARN_DOCUMENTATION_COMMENTS = YES;
				CLANG_WARN_EMPTY_BODY = YES;
				CLANG_WARN_ENUM_CONVERSION = YES;
				CLANG_WARN_INFINITE_RECURSION = YES;
				CLANG_WARN_INT_CONVERSION = YES;
				CLANG_WARN_NON_LITERAL_NULL_CONVERSION = YES;
				CLANG_WARN_OBJC_IMPLICIT_RETAIN_SELF = YES;
				CLANG_WARN_OBJC_LITERAL_CONVERSION = YES;
				CLANG_WARN_OBJC_ROOT_CLASS = YES_ERROR;
				CLANG_WARN_QUOTED_INCLUDE_IN_FRAMEWORK_HEADER = YES;
				CLANG_WARN_RANGE_LOOP_ANALYSIS = YES;
				CLANG_WARN_STRICT_PROTOTYPES = YES;
				CLANG_WARN_SUSPICIOUS_MOVE = YES;
				CLANG_WARN_UNGUARDED_AVAILABILITY = YES_AGGRESSIVE;
				CLANG_WARN_UNREACHABLE_CODE = YES;
				CLANG_WARN__DUPLICATE_METHOD_MATCH = YES;
				COPY_PHASE_STRIP = NO;
				DEBUG_INFORMATION_FORMAT = dwarf;
				ENABLE_STRICT_OBJC_MSGSEND = YES;
				ENABLE_TESTABILITY = YES;
				GCC_C_LANGUAGE_STANDARD = gnu11;
				GCC_DYNAMIC_NO_PIC = NO;
				GCC_NO_COMMON_BLOCKS = YES;
				GCC_OPTIMIZATION_LEVEL = 0;
				GCC_PREPROCESSOR_DEFINITIONS = (
					"DEBUG=1",
					"$(inherited)",
				);
				GCC_WARN_64_TO_32_BIT_CONVERSION = YES;
				GCC_WARN_ABOUT_RETURN_TYPE = YES_ERROR;
				GCC_WARN_UNDECLARED_SELECTOR = YES;
				GCC_WARN_UNINITIALIZED_AUTOS = YES_AGGRESSIVE;
				GCC_WARN_UNUSED_FUNCTION = YES;
				GCC_WARN_UNUSED_VARIABLE = YES;
				IPHONEOS_DEPLOYMENT_TARGET = 14.3;
				MTL_ENABLE_DEBUG_INFO = INCLUDE_SOURCE;
				MTL_FAST_MATH = YES;
				ONLY_ACTIVE_ARCH = YES;
				SDKROOT = iphoneos;
				SWIFT_ACTIVE_COMPILATION_CONDITIONS = DEBUG;
				SWIFT_OPTIMIZATION_LEVEL = "-Onone";
			};
			name = Debug;
		};
		C09B186C25C06262006616B1 /* Release */ = {
			isa = XCBuildConfiguration;
			buildSettings = {
				ALWAYS_SEARCH_USER_PATHS = NO;
				CLANG_ANALYZER_NONNULL = YES;
				CLANG_ANALYZER_NUMBER_OBJECT_CONVERSION = YES_AGGRESSIVE;
				CLANG_CXX_LANGUAGE_STANDARD = "gnu++14";
				CLANG_CXX_LIBRARY = "libc++";
				CLANG_ENABLE_MODULES = YES;
				CLANG_ENABLE_OBJC_ARC = YES;
				CLANG_ENABLE_OBJC_WEAK = YES;
				CLANG_WARN_BLOCK_CAPTURE_AUTORELEASING = YES;
				CLANG_WARN_BOOL_CONVERSION = YES;
				CLANG_WARN_COMMA = YES;
				CLANG_WARN_CONSTANT_CONVERSION = YES;
				CLANG_WARN_DEPRECATED_OBJC_IMPLEMENTATIONS = YES;
				CLANG_WARN_DIRECT_OBJC_ISA_USAGE = YES_ERROR;
				CLANG_WARN_DOCUMENTATION_COMMENTS = YES;
				CLANG_WARN_EMPTY_BODY = YES;
				CLANG_WARN_ENUM_CONVERSION = YES;
				CLANG_WARN_INFINITE_RECURSION = YES;
				CLANG_WARN_INT_CONVERSION = YES;
				CLANG_WARN_NON_LITERAL_NULL_CONVERSION = YES;
				CLANG_WARN_OBJC_IMPLICIT_RETAIN_SELF = YES;
				CLANG_WARN_OBJC_LITERAL_CONVERSION = YES;
				CLANG_WARN_OBJC_ROOT_CLASS = YES_ERROR;
				CLANG_WARN_QUOTED_INCLUDE_IN_FRAMEWORK_HEADER = YES;
				CLANG_WARN_RANGE_LOOP_ANALYSIS = YES;
				CLANG_WARN_STRICT_PROTOTYPES = YES;
				CLANG_WARN_SUSPICIOUS_MOVE = YES;
				CLANG_WARN_UNGUARDED_AVAILABILITY = YES_AGGRESSIVE;
				CLANG_WARN_UNREACHABLE_CODE = YES;
				CLANG_WARN__DUPLICATE_METHOD_MATCH = YES;
				COPY_PHASE_STRIP = NO;
				DEBUG_INFORMATION_FORMAT = "dwarf-with-dsym";
				ENABLE_NS_ASSERTIONS = NO;
				ENABLE_STRICT_OBJC_MSGSEND = YES;
				GCC_C_LANGUAGE_STANDARD = gnu11;
				GCC_NO_COMMON_BLOCKS = YES;
				GCC_WARN_64_TO_32_BIT_CONVERSION = YES;
				GCC_WARN_ABOUT_RETURN_TYPE = YES_ERROR;
				GCC_WARN_UNDECLARED_SELECTOR = YES;
				GCC_WARN_UNINITIALIZED_AUTOS = YES_AGGRESSIVE;
				GCC_WARN_UNUSED_FUNCTION = YES;
				GCC_WARN_UNUSED_VARIABLE = YES;
				IPHONEOS_DEPLOYMENT_TARGET = 14.3;
				MTL_ENABLE_DEBUG_INFO = NO;
				MTL_FAST_MATH = YES;
				SDKROOT = iphoneos;
				SWIFT_COMPILATION_MODE = wholemodule;
				SWIFT_OPTIMIZATION_LEVEL = "-O";
				VALIDATE_PRODUCT = YES;
			};
			name = Release;
		};
		C09B186E25C06262006616B1 /* Debug */ = {
			isa = XCBuildConfiguration;
			baseConfigurationReference = F80C1C611EA5A310B5B09AB7 /* Pods-FirebaseChat.debug.xcconfig */;
			buildSettings = {
				ASSETCATALOG_COMPILER_APPICON_NAME = AppIcon;
				ASSETCATALOG_COMPILER_GLOBAL_ACCENT_COLOR_NAME = AccentColor;
				CODE_SIGN_STYLE = Automatic;
				DEVELOPMENT_ASSET_PATHS = "\"FirebaseChat/Preview Content\"";
				DEVELOPMENT_TEAM = 42UY53YL49;
				ENABLE_PREVIEWS = YES;
				INFOPLIST_FILE = FirebaseChat/Info.plist;
				IPHONEOS_DEPLOYMENT_TARGET = 14.0;
				LD_RUNPATH_SEARCH_PATHS = (
					"$(inherited)",
					"@executable_path/Frameworks",
				);
				PRODUCT_BUNDLE_IDENTIFIER = io.kesecode.FirebaseChat;
				PRODUCT_NAME = "$(TARGET_NAME)";
				SWIFT_VERSION = 5.0;
				TARGETED_DEVICE_FAMILY = "1,2";
			};
			name = Debug;
		};
		C09B186F25C06262006616B1 /* Release */ = {
			isa = XCBuildConfiguration;
			baseConfigurationReference = 946AD8D18D4575F3FF5B55C9 /* Pods-FirebaseChat.release.xcconfig */;
			buildSettings = {
				ASSETCATALOG_COMPILER_APPICON_NAME = AppIcon;
				ASSETCATALOG_COMPILER_GLOBAL_ACCENT_COLOR_NAME = AccentColor;
				CODE_SIGN_STYLE = Automatic;
				DEVELOPMENT_ASSET_PATHS = "\"FirebaseChat/Preview Content\"";
				DEVELOPMENT_TEAM = 42UY53YL49;
				ENABLE_PREVIEWS = YES;
				INFOPLIST_FILE = FirebaseChat/Info.plist;
				IPHONEOS_DEPLOYMENT_TARGET = 14.0;
				LD_RUNPATH_SEARCH_PATHS = (
					"$(inherited)",
					"@executable_path/Frameworks",
				);
				PRODUCT_BUNDLE_IDENTIFIER = io.kesecode.FirebaseChat;
				PRODUCT_NAME = "$(TARGET_NAME)";
				SWIFT_VERSION = 5.0;
				TARGETED_DEVICE_FAMILY = "1,2";
			};
			name = Release;
		};
		C09B187125C06262006616B1 /* Debug */ = {
			isa = XCBuildConfiguration;
			baseConfigurationReference = 2FDB28A6EB60E6D19A2F6080 /* Pods-FirebaseChatTests.debug.xcconfig */;
			buildSettings = {
				ALWAYS_EMBED_SWIFT_STANDARD_LIBRARIES = YES;
				BUNDLE_LOADER = "$(TEST_HOST)";
				CODE_SIGN_STYLE = Automatic;
				DEVELOPMENT_TEAM = 42UY53YL49;
				INFOPLIST_FILE = FirebaseChatTests/Info.plist;
				IPHONEOS_DEPLOYMENT_TARGET = 14.0;
				LD_RUNPATH_SEARCH_PATHS = (
					"$(inherited)",
					"@executable_path/Frameworks",
					"@loader_path/Frameworks",
				);
				PRODUCT_BUNDLE_IDENTIFIER = io.kesecode.FirebaseChatTests;
				PRODUCT_NAME = "$(TARGET_NAME)";
				SWIFT_VERSION = 5.0;
				TARGETED_DEVICE_FAMILY = "1,2";
				TEST_HOST = "$(BUILT_PRODUCTS_DIR)/FirebaseChat.app/FirebaseChat";
			};
			name = Debug;
		};
		C09B187225C06262006616B1 /* Release */ = {
			isa = XCBuildConfiguration;
			baseConfigurationReference = BE48C7BC4DC2B514407F325B /* Pods-FirebaseChatTests.release.xcconfig */;
			buildSettings = {
				ALWAYS_EMBED_SWIFT_STANDARD_LIBRARIES = YES;
				BUNDLE_LOADER = "$(TEST_HOST)";
				CODE_SIGN_STYLE = Automatic;
				DEVELOPMENT_TEAM = 42UY53YL49;
				INFOPLIST_FILE = FirebaseChatTests/Info.plist;
				IPHONEOS_DEPLOYMENT_TARGET = 14.0;
				LD_RUNPATH_SEARCH_PATHS = (
					"$(inherited)",
					"@executable_path/Frameworks",
					"@loader_path/Frameworks",
				);
				PRODUCT_BUNDLE_IDENTIFIER = io.kesecode.FirebaseChatTests;
				PRODUCT_NAME = "$(TARGET_NAME)";
				SWIFT_VERSION = 5.0;
				TARGETED_DEVICE_FAMILY = "1,2";
				TEST_HOST = "$(BUILT_PRODUCTS_DIR)/FirebaseChat.app/FirebaseChat";
			};
			name = Release;
		};
		C09B187425C06262006616B1 /* Debug */ = {
			isa = XCBuildConfiguration;
			baseConfigurationReference = 25F585717EE03E0E191B83B8 /* Pods-FirebaseChat-FirebaseChatUITests.debug.xcconfig */;
			buildSettings = {
				ALWAYS_EMBED_SWIFT_STANDARD_LIBRARIES = YES;
				CODE_SIGN_STYLE = Automatic;
				DEVELOPMENT_TEAM = 42UY53YL49;
				INFOPLIST_FILE = FirebaseChatUITests/Info.plist;
				LD_RUNPATH_SEARCH_PATHS = (
					"$(inherited)",
					"@executable_path/Frameworks",
					"@loader_path/Frameworks",
				);
				PRODUCT_BUNDLE_IDENTIFIER = io.kesecode.FirebaseChatUITests;
				PRODUCT_NAME = "$(TARGET_NAME)";
				SWIFT_VERSION = 5.0;
				TARGETED_DEVICE_FAMILY = "1,2";
				TEST_TARGET_NAME = FirebaseChat;
			};
			name = Debug;
		};
		C09B187525C06262006616B1 /* Release */ = {
			isa = XCBuildConfiguration;
			baseConfigurationReference = C7D01058662E0A0FC3571928 /* Pods-FirebaseChat-FirebaseChatUITests.release.xcconfig */;
			buildSettings = {
				ALWAYS_EMBED_SWIFT_STANDARD_LIBRARIES = YES;
				CODE_SIGN_STYLE = Automatic;
				DEVELOPMENT_TEAM = 42UY53YL49;
				INFOPLIST_FILE = FirebaseChatUITests/Info.plist;
				LD_RUNPATH_SEARCH_PATHS = (
					"$(inherited)",
					"@executable_path/Frameworks",
					"@loader_path/Frameworks",
				);
				PRODUCT_BUNDLE_IDENTIFIER = io.kesecode.FirebaseChatUITests;
				PRODUCT_NAME = "$(TARGET_NAME)";
				SWIFT_VERSION = 5.0;
				TARGETED_DEVICE_FAMILY = "1,2";
				TEST_TARGET_NAME = FirebaseChat;
			};
			name = Release;
		};
/* End XCBuildConfiguration section */

/* Begin XCConfigurationList section */
		C09B184325C06260006616B1 /* Build configuration list for PBXProject "FirebaseChat" */ = {
			isa = XCConfigurationList;
			buildConfigurations = (
				C09B186B25C06262006616B1 /* Debug */,
				C09B186C25C06262006616B1 /* Release */,
			);
			defaultConfigurationIsVisible = 0;
			defaultConfigurationName = Release;
		};
		C09B186D25C06262006616B1 /* Build configuration list for PBXNativeTarget "FirebaseChat" */ = {
			isa = XCConfigurationList;
			buildConfigurations = (
				C09B186E25C06262006616B1 /* Debug */,
				C09B186F25C06262006616B1 /* Release */,
			);
			defaultConfigurationIsVisible = 0;
			defaultConfigurationName = Release;
		};
		C09B187025C06262006616B1 /* Build configuration list for PBXNativeTarget "FirebaseChatTests" */ = {
			isa = XCConfigurationList;
			buildConfigurations = (
				C09B187125C06262006616B1 /* Debug */,
				C09B187225C06262006616B1 /* Release */,
			);
			defaultConfigurationIsVisible = 0;
			defaultConfigurationName = Release;
		};
		C09B187325C06262006616B1 /* Build configuration list for PBXNativeTarget "FirebaseChatUITests" */ = {
			isa = XCConfigurationList;
			buildConfigurations = (
				C09B187425C06262006616B1 /* Debug */,
				C09B187525C06262006616B1 /* Release */,
			);
			defaultConfigurationIsVisible = 0;
			defaultConfigurationName = Release;
		};
/* End XCConfigurationList section */
	};
	rootObject = C09B184025C06260006616B1 /* Project object */;
}
