// !$*UTF8*$!
{
	archiveVersion = 1;
	classes = {
	};
	objectVersion = 50;
	objects = {

/* Begin PBXBuildFile section */
		C09B184C25C06260006616B1 /* FirebaseChatApp.swift in Sources */ = {isa = PBXBuildFile; fileRef = C09B184B25C06260006616B1 /* FirebaseChatApp.swift */; };
		C09B184E25C06260006616B1 /* ContentView.swift in Sources */ = {isa = PBXBuildFile; fileRef = C09B184D25C06260006616B1 /* ContentView.swift */; };
		C09B185025C06261006616B1 /* Assets.xcassets in Resources */ = {isa = PBXBuildFile; fileRef = C09B184F25C06261006616B1 /* Assets.xcassets */; };
		C09B185325C06261006616B1 /* Preview Assets.xcassets in Resources */ = {isa = PBXBuildFile; fileRef = C09B185225C06261006616B1 /* Preview Assets.xcassets */; };
		C09B185E25C06262006616B1 /* FirebaseChatTests.swift in Sources */ = {isa = PBXBuildFile; fileRef = C09B185D25C06262006616B1 /* FirebaseChatTests.swift */; };
		C09B186925C06262006616B1 /* FirebaseChatUITests.swift in Sources */ = {isa = PBXBuildFile; fileRef = C09B186825C06262006616B1 /* FirebaseChatUITests.swift */; };
		C09B188B25C0695E006616B1 /* SessionStore.swift in Sources */ = {isa = PBXBuildFile; fileRef = C09B188A25C0695E006616B1 /* SessionStore.swift */; };
		C09B188C25C0695E006616B1 /* SessionStore.swift in Sources */ = {isa = PBXBuildFile; fileRef = C09B188A25C0695E006616B1 /* SessionStore.swift */; };
		C09B189425C0696E006616B1 /* AuthView.swift in Sources */ = {isa = PBXBuildFile; fileRef = C09B189325C0696E006616B1 /* AuthView.swift */; };
		C09B189525C0696E006616B1 /* AuthView.swift in Sources */ = {isa = PBXBuildFile; fileRef = C09B189325C0696E006616B1 /* AuthView.swift */; };
/* End PBXBuildFile section */

/* Begin PBXContainerItemProxy section */
		C09B185A25C06262006616B1 /* PBXContainerItemProxy */ = {
			isa = PBXContainerItemProxy;
			containerPortal = C09B184025C06260006616B1 /* Project object */;
			proxyType = 1;
			remoteGlobalIDString = C09B184725C06260006616B1;
			remoteInfo = FirebaseChat;
		};
		C09B186525C06262006616B1 /* PBXContainerItemProxy */ = {
			isa = PBXContainerItemProxy;
			containerPortal = C09B184025C06260006616B1 /* Project object */;
			proxyType = 1;
			remoteGlobalIDString = C09B184725C06260006616B1;
			remoteInfo = FirebaseChat;
		};
/* End PBXContainerItemProxy section */

/* Begin PBXFileReference section */
		C09B184825C06260006616B1 /* FirebaseChat.app */ = {isa = PBXFileReference; explicitFileType = wrapper.application; includeInIndex = 0; path = FirebaseChat.app; sourceTree = BUILT_PRODUCTS_DIR; };
		C09B184B25C06260006616B1 /* FirebaseChatApp.swift */ = {isa = PBXFileReference; lastKnownFileType = sourcecode.swift; path = FirebaseChatApp.swift; sourceTree = "<group>"; };
		C09B184D25C06260006616B1 /* ContentView.swift */ = {isa = PBXFileReference; lastKnownFileType = sourcecode.swift; path = ContentView.swift; sourceTree = "<group>"; };
		C09B184F25C06261006616B1 /* Assets.xcassets */ = {isa = PBXFileReference; lastKnownFileType = folder.assetcatalog; path = Assets.xcassets; sourceTree = "<group>"; };
		C09B185225C06261006616B1 /* Preview Assets.xcassets */ = {isa = PBXFileReference; lastKnownFileType = folder.assetcatalog; path = "Preview Assets.xcassets"; sourceTree = "<group>"; };
		C09B185425C06261006616B1 /* Info.plist */ = {isa = PBXFileReference; lastKnownFileType = text.plist.xml; path = Info.plist; sourceTree = "<group>"; };
		C09B185925C06262006616B1 /* FirebaseChatTests.xctest */ = {isa = PBXFileReference; explicitFileType = wrapper.cfbundle; includeInIndex = 0; path = FirebaseChatTests.xctest; sourceTree = BUILT_PRODUCTS_DIR; };
		C09B185D25C06262006616B1 /* FirebaseChatTests.swift */ = {isa = PBXFileReference; lastKnownFileType = sourcecode.swift; path = FirebaseChatTests.swift; sourceTree = "<group>"; };
		C09B185F25C06262006616B1 /* Info.plist */ = {isa = PBXFileReference; lastKnownFileType = text.plist.xml; path = Info.plist; sourceTree = "<group>"; };
		C09B186425C06262006616B1 /* FirebaseChatUITests.xctest */ = {isa = PBXFileReference; explicitFileType = wrapper.cfbundle; includeInIndex = 0; path = FirebaseChatUITests.xctest; sourceTree = BUILT_PRODUCTS_DIR; };
		C09B186825C06262006616B1 /* FirebaseChatUITests.swift */ = {isa = PBXFileReference; lastKnownFileType = sourcecode.swift; path = FirebaseChatUITests.swift; sourceTree = "<group>"; };
		C09B186A25C06262006616B1 /* Info.plist */ = {isa = PBXFileReference; lastKnownFileType = text.plist.xml; path = Info.plist; sourceTree = "<group>"; };
		C09B188A25C0695E006616B1 /* SessionStore.swift */ = {isa = PBXFileReference; lastKnownFileType = sourcecode.swift; path = SessionStore.swift; sourceTree = "<group>"; };
		C09B189325C0696E006616B1 /* AuthView.swift */ = {isa = PBXFileReference; lastKnownFileType = sourcecode.swift; path = AuthView.swift; sourceTree = "<group>"; };
/* End PBXFileReference section */

/* Begin PBXFrameworksBuildPhase section */
		C09B184525C06260006616B1 /* Frameworks */ = {
			isa = PBXFrameworksBuildPhase;
			buildActionMask = 2147483647;
			files = (
			);
			runOnlyForDeploymentPostprocessing = 0;
		};
		C09B185625C06262006616B1 /* Frameworks */ = {
			isa = PBXFrameworksBuildPhase;
			buildActionMask = 2147483647;
			files = (
			);
			runOnlyForDeploymentPostprocessing = 0;
		};
		C09B186125C06262006616B1 /* Frameworks */ = {
			isa = PBXFrameworksBuildPhase;
			buildActionMask = 2147483647;
			files = (
			);
			runOnlyForDeploymentPostprocessing = 0;
		};
/* End PBXFrameworksBuildPhase section */

/* Begin PBXGroup section */
		C09B183F25C06260006616B1 = {
			isa = PBXGroup;
			children = (
				C09B184A25C06260006616B1 /* FirebaseChat */,
				C09B185C25C06262006616B1 /* FirebaseChatTests */,
				C09B186725C06262006616B1 /* FirebaseChatUITests */,
				C09B184925C06260006616B1 /* Products */,
			);
			sourceTree = "<group>";
		};
		C09B184925C06260006616B1 /* Products */ = {
			isa = PBXGroup;
			children = (
				C09B184825C06260006616B1 /* FirebaseChat.app */,
				C09B185925C06262006616B1 /* FirebaseChatTests.xctest */,
				C09B186425C06262006616B1 /* FirebaseChatUITests.xctest */,
			);
			name = Products;
			sourceTree = "<group>";
		};
		C09B184A25C06260006616B1 /* FirebaseChat */ = {
			isa = PBXGroup;
			children = (
				C09B184B25C06260006616B1 /* FirebaseChatApp.swift */,
				C09B184F25C06261006616B1 /* Assets.xcassets */,
				C09B185425C06261006616B1 /* Info.plist */,
				C09B188925C06925006616B1 /* Model */,
				C09B188825C06904006616B1 /* View */,
				C09B185125C06261006616B1 /* Preview Content */,
			);
			path = FirebaseChat;
			sourceTree = "<group>";
		};
		C09B185125C06261006616B1 /* Preview Content */ = {
			isa = PBXGroup;
			children = (
				C09B185225C06261006616B1 /* Preview Assets.xcassets */,
			);
			path = "Preview Content";
			sourceTree = "<group>";
		};
		C09B185C25C06262006616B1 /* FirebaseChatTests */ = {
			isa = PBXGroup;
			children = (
				C09B185D25C06262006616B1 /* FirebaseChatTests.swift */,
				C09B185F25C06262006616B1 /* Info.plist */,
			);
			path = FirebaseChatTests;
			sourceTree = "<group>";
		};
		C09B186725C06262006616B1 /* FirebaseChatUITests */ = {
			isa = PBXGroup;
			children = (
				C09B186825C06262006616B1 /* FirebaseChatUITests.swift */,
				C09B186A25C06262006616B1 /* Info.plist */,
			);
			path = FirebaseChatUITests;
			sourceTree = "<group>";
		};
		C09B188825C06904006616B1 /* View */ = {
			isa = PBXGroup;
			children = (
				C09B184D25C06260006616B1 /* ContentView.swift */,
				C09B189325C0696E006616B1 /* AuthView.swift */,
			);
			path = View;
			sourceTree = "<group>";
		};
		C09B188925C06925006616B1 /* Model */ = {
			isa = PBXGroup;
			children = (
				C09B188A25C0695E006616B1 /* SessionStore.swift */,
			);
			path = Model;
			sourceTree = "<group>";
		};
/* End PBXGroup section */

/* Begin PBXNativeTarget section */
		C09B184725C06260006616B1 /* FirebaseChat */ = {
			isa = PBXNativeTarget;
			buildConfigurationList = C09B186D25C06262006616B1 /* Build configuration list for PBXNativeTarget "FirebaseChat" */;
			buildPhases = (
				C09B184425C06260006616B1 /* Sources */,
				C09B184525C06260006616B1 /* Frameworks */,
				C09B184625C06260006616B1 /* Resources */,
			);
			buildRules = (
			);
			dependencies = (
			);
			name = FirebaseChat;
			productName = FirebaseChat;
			productReference = C09B184825C06260006616B1 /* FirebaseChat.app */;
			productType = "com.apple.product-type.application";
		};
		C09B185825C06262006616B1 /* FirebaseChatTests */ = {
			isa = PBXNativeTarget;
			buildConfigurationList = C09B187025C06262006616B1 /* Build configuration list for PBXNativeTarget "FirebaseChatTests" */;
			buildPhases = (
				C09B185525C06262006616B1 /* Sources */,
				C09B185625C06262006616B1 /* Frameworks */,
				C09B185725C06262006616B1 /* Resources */,
			);
			buildRules = (
			);
			dependencies = (
				C09B185B25C06262006616B1 /* PBXTargetDependency */,
			);
			name = FirebaseChatTests;
			productName = FirebaseChatTests;
			productReference = C09B185925C06262006616B1 /* FirebaseChatTests.xctest */;
			productType = "com.apple.product-type.bundle.unit-test";
		};
		C09B186325C06262006616B1 /* FirebaseChatUITests */ = {
			isa = PBXNativeTarget;
			buildConfigurationList = C09B187325C06262006616B1 /* Build configuration list for PBXNativeTarget "FirebaseChatUITests" */;
			buildPhases = (
				C09B186025C06262006616B1 /* Sources */,
				C09B186125C06262006616B1 /* Frameworks */,
				C09B186225C06262006616B1 /* Resources */,
			);
			buildRules = (
			);
			dependencies = (
				C09B186625C06262006616B1 /* PBXTargetDependency */,
			);
			name = FirebaseChatUITests;
			productName = FirebaseChatUITests;
			productReference = C09B186425C06262006616B1 /* FirebaseChatUITests.xctest */;
			productType = "com.apple.product-type.bundle.ui-testing";
		};
/* End PBXNativeTarget section */

/* Begin PBXProject section */
		C09B184025C06260006616B1 /* Project object */ = {
			isa = PBXProject;
			attributes = {
				LastSwiftUpdateCheck = 1230;
				LastUpgradeCheck = 1230;
				TargetAttributes = {
					C09B184725C06260006616B1 = {
						CreatedOnToolsVersion = 12.3;
					};
					C09B185825C06262006616B1 = {
						CreatedOnToolsVersion = 12.3;
						TestTargetID = C09B184725C06260006616B1;
					};
					C09B186325C06262006616B1 = {
						CreatedOnToolsVersion = 12.3;
						TestTargetID = C09B184725C06260006616B1;
					};
				};
			};
			buildConfigurationList = C09B184325C06260006616B1 /* Build configuration list for PBXProject "FirebaseChat" */;
			compatibilityVersion = "Xcode 9.3";
			developmentRegion = en;
			hasScannedForEncodings = 0;
			knownRegions = (
				en,
				Base,
			);
			mainGroup = C09B183F25C06260006616B1;
			productRefGroup = C09B184925C06260006616B1 /* Products */;
			projectDirPath = "";
			projectRoot = "";
			targets = (
				C09B184725C06260006616B1 /* FirebaseChat */,
				C09B185825C06262006616B1 /* FirebaseChatTests */,
				C09B186325C06262006616B1 /* FirebaseChatUITests */,
			);
		};
/* End PBXProject section */

/* Begin PBXResourcesBuildPhase section */
		C09B184625C06260006616B1 /* Resources */ = {
			isa = PBXResourcesBuildPhase;
			buildActionMask = 2147483647;
			files = (
				C09B185325C06261006616B1 /* Preview Assets.xcassets in Resources */,
				C09B185025C06261006616B1 /* Assets.xcassets in Resources */,
			);
			runOnlyForDeploymentPostprocessing = 0;
		};
		C09B185725C06262006616B1 /* Resources */ = {
			isa = PBXResourcesBuildPhase;
			buildActionMask = 2147483647;
			files = (
			);
			runOnlyForDeploymentPostprocessing = 0;
		};
		C09B186225C06262006616B1 /* Resources */ = {
			isa = PBXResourcesBuildPhase;
			buildActionMask = 2147483647;
			files = (
			);
			runOnlyForDeploymentPostprocessing = 0;
		};
/* End PBXResourcesBuildPhase section */

/* Begin PBXSourcesBuildPhase section */
		C09B184425C06260006616B1 /* Sources */ = {
			isa = PBXSourcesBuildPhase;
			buildActionMask = 2147483647;
			files = (
				C09B184E25C06260006616B1 /* ContentView.swift in Sources */,
				C09B184C25C06260006616B1 /* FirebaseChatApp.swift in Sources */,
				C09B189425C0696E006616B1 /* AuthView.swift in Sources */,
				C09B188B25C0695E006616B1 /* SessionStore.swift in Sources */,
			);
			runOnlyForDeploymentPostprocessing = 0;
		};
		C09B185525C06262006616B1 /* Sources */ = {
			isa = PBXSourcesBuildPhase;
			buildActionMask = 2147483647;
			files = (
				C09B188C25C0695E006616B1 /* SessionStore.swift in Sources */,
				C09B185E25C06262006616B1 /* FirebaseChatTests.swift in Sources */,
			);
			runOnlyForDeploymentPostprocessing = 0;
		};
		C09B186025C06262006616B1 /* Sources */ = {
			isa = PBXSourcesBuildPhase;
			buildActionMask = 2147483647;
			files = (
				C09B189525C0696E006616B1 /* AuthView.swift in Sources */,
				C09B186925C06262006616B1 /* FirebaseChatUITests.swift in Sources */,
			);
			runOnlyForDeploymentPostprocessing = 0;
		};
/* End PBXSourcesBuildPhase section */

/* Begin PBXTargetDependency section */
		C09B185B25C06262006616B1 /* PBXTargetDependency */ = {
			isa = PBXTargetDependency;
			target = C09B184725C06260006616B1 /* FirebaseChat */;
			targetProxy = C09B185A25C06262006616B1 /* PBXContainerItemProxy */;
		};
		C09B186625C06262006616B1 /* PBXTargetDependency */ = {
			isa = PBXTargetDependency;
			target = C09B184725C06260006616B1 /* FirebaseChat */;
			targetProxy = C09B186525C06262006616B1 /* PBXContainerItemProxy */;
		};
/* End PBXTargetDependency section */

/* Begin XCBuildConfiguration section */
		C09B186B25C06262006616B1 /* Debug */ = {
			isa = XCBuildConfiguration;
			buildSettings = {
				ALWAYS_SEARCH_USER_PATHS = NO;
				CLANG_ANALYZER_NONNULL = YES;
				CLANG_ANALYZER_NUMBER_OBJECT_CONVERSION = YES_AGGRESSIVE;
				CLANG_CXX_LANGUAGE_STANDARD = "gnu++14";
				CLANG_CXX_LIBRARY = "libc++";
				CLANG_ENABLE_MODULES = YES;
				CLANG_ENABLE_OBJC_ARC = YES;
				CLANG_ENABLE_OBJC_WEAK = YES;
				CLANG_WARN_BLOCK_CAPTURE_AUTORELEASING = YES;
				CLANG_WARN_BOOL_CONVERSION = YES;
				CLANG_WARN_COMMA = YES;
				CLANG_WARN_CONSTANT_CONVERSION = YES;
				CLANG_WARN_DEPRECATED_OBJC_IMPLEMENTATIONS = YES;
				CLANG_WARN_DIRECT_OBJC_ISA_USAGE = YES_ERROR;
				CLANG_WARN_DOCUMENTATION_COMMENTS = YES;
				CLANG_WARN_EMPTY_BODY = YES;
				CLANG_WARN_ENUM_CONVERSION = YES;
				CLANG_WARN_INFINITE_RECURSION = YES;
				CLANG_WARN_INT_CONVERSION = YES;
				CLANG_WARN_NON_LITERAL_NULL_CONVERSION = YES;
				CLANG_WARN_OBJC_IMPLICIT_RETAIN_SELF = YES;
				CLANG_WARN_OBJC_LITERAL_CONVERSION = YES;
				CLANG_WARN_OBJC_ROOT_CLASS = YES_ERROR;
				CLANG_WARN_QUOTED_INCLUDE_IN_FRAMEWORK_HEADER = YES;
				CLANG_WARN_RANGE_LOOP_ANALYSIS = YES;
				CLANG_WARN_STRICT_PROTOTYPES = YES;
				CLANG_WARN_SUSPICIOUS_MOVE = YES;
				CLANG_WARN_UNGUARDED_AVAILABILITY = YES_AGGRESSIVE;
				CLANG_WARN_UNREACHABLE_CODE = YES;
				CLANG_WARN__DUPLICATE_METHOD_MATCH = YES;
				COPY_PHASE_STRIP = NO;
				DEBUG_INFORMATION_FORMAT = dwarf;
				ENABLE_STRICT_OBJC_MSGSEND = YES;
				ENABLE_TESTABILITY = YES;
				GCC_C_LANGUAGE_STANDARD = gnu11;
				GCC_DYNAMIC_NO_PIC = NO;
				GCC_NO_COMMON_BLOCKS = YES;
				GCC_OPTIMIZATION_LEVEL = 0;
				GCC_PREPROCESSOR_DEFINITIONS = (
					"DEBUG=1",
					"$(inherited)",
				);
				GCC_WARN_64_TO_32_BIT_CONVERSION = YES;
				GCC_WARN_ABOUT_RETURN_TYPE = YES_ERROR;
				GCC_WARN_UNDECLARED_SELECTOR = YES;
				GCC_WARN_UNINITIALIZED_AUTOS = YES_AGGRESSIVE;
				GCC_WARN_UNUSED_FUNCTION = YES;
				GCC_WARN_UNUSED_VARIABLE = YES;
				IPHONEOS_DEPLOYMENT_TARGET = 14.3;
				MTL_ENABLE_DEBUG_INFO = INCLUDE_SOURCE;
				MTL_FAST_MATH = YES;
				ONLY_ACTIVE_ARCH = YES;
				SDKROOT = iphoneos;
				SWIFT_ACTIVE_COMPILATION_CONDITIONS = DEBUG;
				SWIFT_OPTIMIZATION_LEVEL = "-Onone";
			};
			name = Debug;
		};
		C09B186C25C06262006616B1 /* Release */ = {
			isa = XCBuildConfiguration;
			buildSettings = {
				ALWAYS_SEARCH_USER_PATHS = NO;
				CLANG_ANALYZER_NONNULL = YES;
				CLANG_ANALYZER_NUMBER_OBJECT_CONVERSION = YES_AGGRESSIVE;
				CLANG_CXX_LANGUAGE_STANDARD = "gnu++14";
				CLANG_CXX_LIBRARY = "libc++";
				CLANG_ENABLE_MODULES = YES;
				CLANG_ENABLE_OBJC_ARC = YES;
				CLANG_ENABLE_OBJC_WEAK = YES;
				CLANG_WARN_BLOCK_CAPTURE_AUTORELEASING = YES;
				CLANG_WARN_BOOL_CONVERSION = YES;
				CLANG_WARN_COMMA = YES;
				CLANG_WARN_CONSTANT_CONVERSION = YES;
				CLANG_WARN_DEPRECATED_OBJC_IMPLEMENTATIONS = YES;
				CLANG_WARN_DIRECT_OBJC_ISA_USAGE = YES_ERROR;
				CLANG_WARN_DOCUMENTATION_COMMENTS = YES;
				CLANG_WARN_EMPTY_BODY = YES;
				CLANG_WARN_ENUM_CONVERSION = YES;
				CLANG_WARN_INFINITE_RECURSION = YES;
				CLANG_WARN_INT_CONVERSION = YES;
				CLANG_WARN_NON_LITERAL_NULL_CONVERSION = YES;
				CLANG_WARN_OBJC_IMPLICIT_RETAIN_SELF = YES;
				CLANG_WARN_OBJC_LITERAL_CONVERSION = YES;
				CLANG_WARN_OBJC_ROOT_CLASS = YES_ERROR;
				CLANG_WARN_QUOTED_INCLUDE_IN_FRAMEWORK_HEADER = YES;
				CLANG_WARN_RANGE_LOOP_ANALYSIS = YES;
				CLANG_WARN_STRICT_PROTOTYPES = YES;
				CLANG_WARN_SUSPICIOUS_MOVE = YES;
				CLANG_WARN_UNGUARDED_AVAILABILITY = YES_AGGRESSIVE;
				CLANG_WARN_UNREACHABLE_CODE = YES;
				CLANG_WARN__DUPLICATE_METHOD_MATCH = YES;
				COPY_PHASE_STRIP = NO;
				DEBUG_INFORMATION_FORMAT = "dwarf-with-dsym";
				ENABLE_NS_ASSERTIONS = NO;
				ENABLE_STRICT_OBJC_MSGSEND = YES;
				GCC_C_LANGUAGE_STANDARD = gnu11;
				GCC_NO_COMMON_BLOCKS = YES;
				GCC_WARN_64_TO_32_BIT_CONVERSION = YES;
				GCC_WARN_ABOUT_RETURN_TYPE = YES_ERROR;
				GCC_WARN_UNDECLARED_SELECTOR = YES;
				GCC_WARN_UNINITIALIZED_AUTOS = YES_AGGRESSIVE;
				GCC_WARN_UNUSED_FUNCTION = YES;
				GCC_WARN_UNUSED_VARIABLE = YES;
				IPHONEOS_DEPLOYMENT_TARGET = 14.3;
				MTL_ENABLE_DEBUG_INFO = NO;
				MTL_FAST_MATH = YES;
				SDKROOT = iphoneos;
				SWIFT_COMPILATION_MODE = wholemodule;
				SWIFT_OPTIMIZATION_LEVEL = "-O";
				VALIDATE_PRODUCT = YES;
			};
			name = Release;
		};
		C09B186E25C06262006616B1 /* Debug */ = {
			isa = XCBuildConfiguration;
			buildSettings = {
				ASSETCATALOG_COMPILER_APPICON_NAME = AppIcon;
				ASSETCATALOG_COMPILER_GLOBAL_ACCENT_COLOR_NAME = AccentColor;
				CODE_SIGN_STYLE = Automatic;
				DEVELOPMENT_ASSET_PATHS = "\"FirebaseChat/Preview Content\"";
				DEVELOPMENT_TEAM = 42UY53YL49;
				ENABLE_PREVIEWS = YES;
				INFOPLIST_FILE = FirebaseChat/Info.plist;
				IPHONEOS_DEPLOYMENT_TARGET = 14.0;
				LD_RUNPATH_SEARCH_PATHS = (
					"$(inherited)",
					"@executable_path/Frameworks",
				);
				PRODUCT_BUNDLE_IDENTIFIER = io.kesecode.FirebaseChat;
				PRODUCT_NAME = "$(TARGET_NAME)";
				SWIFT_VERSION = 5.0;
				TARGETED_DEVICE_FAMILY = "1,2";
			};
			name = Debug;
		};
		C09B186F25C06262006616B1 /* Release */ = {
			isa = XCBuildConfiguration;
			buildSettings = {
				ASSETCATALOG_COMPILER_APPICON_NAME = AppIcon;
				ASSETCATALOG_COMPILER_GLOBAL_ACCENT_COLOR_NAME = AccentColor;
				CODE_SIGN_STYLE = Automatic;
				DEVELOPMENT_ASSET_PATHS = "\"FirebaseChat/Preview Content\"";
				DEVELOPMENT_TEAM = 42UY53YL49;
				ENABLE_PREVIEWS = YES;
				INFOPLIST_FILE = FirebaseChat/Info.plist;
				IPHONEOS_DEPLOYMENT_TARGET = 14.0;
				LD_RUNPATH_SEARCH_PATHS = (
					"$(inherited)",
					"@executable_path/Frameworks",
				);
				PRODUCT_BUNDLE_IDENTIFIER = io.kesecode.FirebaseChat;
				PRODUCT_NAME = "$(TARGET_NAME)";
				SWIFT_VERSION = 5.0;
				TARGETED_DEVICE_FAMILY = "1,2";
			};
			name = Release;
		};
		C09B187125C06262006616B1 /* Debug */ = {
			isa = XCBuildConfiguration;
			buildSettings = {
				ALWAYS_EMBED_SWIFT_STANDARD_LIBRARIES = YES;
				BUNDLE_LOADER = "$(TEST_HOST)";
				CODE_SIGN_STYLE = Automatic;
				DEVELOPMENT_TEAM = 42UY53YL49;
				INFOPLIST_FILE = FirebaseChatTests/Info.plist;
				IPHONEOS_DEPLOYMENT_TARGET = 14.0;
				LD_RUNPATH_SEARCH_PATHS = (
					"$(inherited)",
					"@executable_path/Frameworks",
					"@loader_path/Frameworks",
				);
				PRODUCT_BUNDLE_IDENTIFIER = io.kesecode.FirebaseChatTests;
				PRODUCT_NAME = "$(TARGET_NAME)";
				SWIFT_VERSION = 5.0;
				TARGETED_DEVICE_FAMILY = "1,2";
				TEST_HOST = "$(BUILT_PRODUCTS_DIR)/FirebaseChat.app/FirebaseChat";
			};
			name = Debug;
		};
		C09B187225C06262006616B1 /* Release */ = {
			isa = XCBuildConfiguration;
			buildSettings = {
				ALWAYS_EMBED_SWIFT_STANDARD_LIBRARIES = YES;
				BUNDLE_LOADER = "$(TEST_HOST)";
				CODE_SIGN_STYLE = Automatic;
				DEVELOPMENT_TEAM = 42UY53YL49;
				INFOPLIST_FILE = FirebaseChatTests/Info.plist;
				IPHONEOS_DEPLOYMENT_TARGET = 14.0;
				LD_RUNPATH_SEARCH_PATHS = (
					"$(inherited)",
					"@executable_path/Frameworks",
					"@loader_path/Frameworks",
				);
				PRODUCT_BUNDLE_IDENTIFIER = io.kesecode.FirebaseChatTests;
				PRODUCT_NAME = "$(TARGET_NAME)";
				SWIFT_VERSION = 5.0;
				TARGETED_DEVICE_FAMILY = "1,2";
				TEST_HOST = "$(BUILT_PRODUCTS_DIR)/FirebaseChat.app/FirebaseChat";
			};
			name = Release;
		};
		C09B187425C06262006616B1 /* Debug */ = {
			isa = XCBuildConfiguration;
			buildSettings = {
				ALWAYS_EMBED_SWIFT_STANDARD_LIBRARIES = YES;
				CODE_SIGN_STYLE = Automatic;
				DEVELOPMENT_TEAM = 42UY53YL49;
				INFOPLIST_FILE = FirebaseChatUITests/Info.plist;
				LD_RUNPATH_SEARCH_PATHS = (
					"$(inherited)",
					"@executable_path/Frameworks",
					"@loader_path/Frameworks",
				);
				PRODUCT_BUNDLE_IDENTIFIER = io.kesecode.FirebaseChatUITests;
				PRODUCT_NAME = "$(TARGET_NAME)";
				SWIFT_VERSION = 5.0;
				TARGETED_DEVICE_FAMILY = "1,2";
				TEST_TARGET_NAME = FirebaseChat;
			};
			name = Debug;
		};
		C09B187525C06262006616B1 /* Release */ = {
			isa = XCBuildConfiguration;
			buildSettings = {
				ALWAYS_EMBED_SWIFT_STANDARD_LIBRARIES = YES;
				CODE_SIGN_STYLE = Automatic;
				DEVELOPMENT_TEAM = 42UY53YL49;
				INFOPLIST_FILE = FirebaseChatUITests/Info.plist;
				LD_RUNPATH_SEARCH_PATHS = (
					"$(inherited)",
					"@executable_path/Frameworks",
					"@loader_path/Frameworks",
				);
				PRODUCT_BUNDLE_IDENTIFIER = io.kesecode.FirebaseChatUITests;
				PRODUCT_NAME = "$(TARGET_NAME)";
				SWIFT_VERSION = 5.0;
				TARGETED_DEVICE_FAMILY = "1,2";
				TEST_TARGET_NAME = FirebaseChat;
			};
			name = Release;
		};
/* End XCBuildConfiguration section */

/* Begin XCConfigurationList section */
		C09B184325C06260006616B1 /* Build configuration list for PBXProject "FirebaseChat" */ = {
			isa = XCConfigurationList;
			buildConfigurations = (
				C09B186B25C06262006616B1 /* Debug */,
				C09B186C25C06262006616B1 /* Release */,
			);
			defaultConfigurationIsVisible = 0;
			defaultConfigurationName = Release;
		};
		C09B186D25C06262006616B1 /* Build configuration list for PBXNativeTarget "FirebaseChat" */ = {
			isa = XCConfigurationList;
			buildConfigurations = (
				C09B186E25C06262006616B1 /* Debug */,
				C09B186F25C06262006616B1 /* Release */,
			);
			defaultConfigurationIsVisible = 0;
			defaultConfigurationName = Release;
		};
		C09B187025C06262006616B1 /* Build configuration list for PBXNativeTarget "FirebaseChatTests" */ = {
			isa = XCConfigurationList;
			buildConfigurations = (
				C09B187125C06262006616B1 /* Debug */,
				C09B187225C06262006616B1 /* Release */,
			);
			defaultConfigurationIsVisible = 0;
			defaultConfigurationName = Release;
		};
		C09B187325C06262006616B1 /* Build configuration list for PBXNativeTarget "FirebaseChatUITests" */ = {
			isa = XCConfigurationList;
			buildConfigurations = (
				C09B187425C06262006616B1 /* Debug */,
				C09B187525C06262006616B1 /* Release */,
			);
			defaultConfigurationIsVisible = 0;
			defaultConfigurationName = Release;
		};
/* End XCConfigurationList section */
	};
	rootObject = C09B184025C06260006616B1 /* Project object */;
}
